
Microsoft Visual Studio Solution File, Format Version 12.00
# Visual Studio Version 16
VisualStudioVersion = 16.0.30225.117
MinimumVisualStudioVersion = 10.0.40219.1
Project("{FAE04EC0-301F-11D3-BF4B-00C04F79EFBC}") = "Menurepotest", "UnitTestProject1\Menurepotest.csproj", "{806E476B-ECC3-45FB-A2EE-EE506DA12637}"
EndProject
Project("{FAE04EC0-301F-11D3-BF4B-00C04F79EFBC}") = "Komodo_Console", "Komodo_Console\Komodo_Console.csproj", "{6DEF5575-7280-4BB7-B0A1-2CBBAE1D5253}"
EndProject
Project("{FAE04EC0-301F-11D3-BF4B-00C04F79EFBC}") = "Komodo_Cafe", "Komod_Cafe\Komodo_Cafe.csproj", "{6483CD43-304A-499B-AE73-08DBE47B09AC}"
EndProject
Global
	GlobalSection(SolutionConfigurationPlatforms) = preSolution
		Debug|Any CPU = Debug|Any CPU
		Release|Any CPU = Release|Any CPU
	EndGlobalSection
	GlobalSection(ProjectConfigurationPlatforms) = postSolution
		{806E476B-ECC3-45FB-A2EE-EE506DA12637}.Debug|Any CPU.ActiveCfg = Debug|Any CPU
		{806E476B-ECC3-45FB-A2EE-EE506DA12637}.Debug|Any CPU.Build.0 = Debug|Any CPU
		{806E476B-ECC3-45FB-A2EE-EE506DA12637}.Release|Any CPU.ActiveCfg = Release|Any CPU
		{806E476B-ECC3-45FB-A2EE-EE506DA12637}.Release|Any CPU.Build.0 = Release|Any CPU
		{6DEF5575-7280-4BB7-B0A1-2CBBAE1D5253}.Debug|Any CPU.ActiveCfg = Debug|Any CPU
		{6DEF5575-7280-4BB7-B0A1-2CBBAE1D5253}.Debug|Any CPU.Build.0 = Debug|Any CPU
		{6DEF5575-7280-4BB7-B0A1-2CBBAE1D5253}.Release|Any CPU.ActiveCfg = Release|Any CPU
		{6DEF5575-7280-4BB7-B0A1-2CBBAE1D5253}.Release|Any CPU.Build.0 = Release|Any CPU
		{6483CD43-304A-499B-AE73-08DBE47B09AC}.Debug|Any CPU.ActiveCfg = Debug|Any CPU
		{6483CD43-304A-499B-AE73-08DBE47B09AC}.Debug|Any CPU.Build.0 = Debug|Any CPU
		{6483CD43-304A-499B-AE73-08DBE47B09AC}.Release|Any CPU.ActiveCfg = Release|Any CPU
		{6483CD43-304A-499B-AE73-08DBE47B09AC}.Release|Any CPU.Build.0 = Release|Any CPU
	EndGlobalSection
	GlobalSection(SolutionProperties) = preSolution
		HideSolutionNode = FALSE
	EndGlobalSection
	GlobalSection(ExtensibilityGlobals) = postSolution
		SolutionGuid = {4DE69C1F-9717-406E-9A3A-7DE66B2FFF71}
	EndGlobalSection
EndGlobal
